// !$*UTF8*$!
{
	archiveVersion = 1;
	classes = {
	};
	objectVersion = 46;
	objects = {

/* Begin PBXBuildFile section */
		4B47A36818D1462500087BE4 /* TJItemCell.m in Sources */ = {isa = PBXBuildFile; fileRef = 4B47A36718D1462500087BE4 /* TJItemCell.m */; };
		4B47A36B18D1477400087BE4 /* TJItem.m in Sources */ = {isa = PBXBuildFile; fileRef = 4B47A36A18D1477400087BE4 /* TJItem.m */; };
		4B47A36F18D1627400087BE4 /* TJParser.m in Sources */ = {isa = PBXBuildFile; fileRef = 4B47A36E18D1627400087BE4 /* TJParser.m */; };
		4B47A38E18D179B800087BE4 /* MKAnnotationView+WebCache.m in Sources */ = {isa = PBXBuildFile; fileRef = 4B47A37218D179B800087BE4 /* MKAnnotationView+WebCache.m */; };
		4B47A38F18D179B800087BE4 /* NSData+ImageContentType.m in Sources */ = {isa = PBXBuildFile; fileRef = 4B47A37418D179B800087BE4 /* NSData+ImageContentType.m */; };
		4B47A39018D179B800087BE4 /* SDImageCache.m in Sources */ = {isa = PBXBuildFile; fileRef = 4B47A37618D179B800087BE4 /* SDImageCache.m */; };
		4B47A39118D179B800087BE4 /* SDWebImageCompat.m in Sources */ = {isa = PBXBuildFile; fileRef = 4B47A37818D179B800087BE4 /* SDWebImageCompat.m */; };
		4B47A39218D179B800087BE4 /* SDWebImageDecoder.m in Sources */ = {isa = PBXBuildFile; fileRef = 4B47A37A18D179B800087BE4 /* SDWebImageDecoder.m */; };
		4B47A39318D179B800087BE4 /* SDWebImageDownloader.m in Sources */ = {isa = PBXBuildFile; fileRef = 4B47A37C18D179B800087BE4 /* SDWebImageDownloader.m */; };
		4B47A39418D179B800087BE4 /* SDWebImageDownloaderOperation.m in Sources */ = {isa = PBXBuildFile; fileRef = 4B47A37E18D179B800087BE4 /* SDWebImageDownloaderOperation.m */; };
		4B47A39518D179B800087BE4 /* SDWebImageManager.m in Sources */ = {isa = PBXBuildFile; fileRef = 4B47A38018D179B800087BE4 /* SDWebImageManager.m */; };
		4B47A39618D179B800087BE4 /* SDWebImagePrefetcher.m in Sources */ = {isa = PBXBuildFile; fileRef = 4B47A38318D179B800087BE4 /* SDWebImagePrefetcher.m */; };
		4B47A39718D179B800087BE4 /* UIButton+WebCache.m in Sources */ = {isa = PBXBuildFile; fileRef = 4B47A38518D179B800087BE4 /* UIButton+WebCache.m */; };
		4B47A39818D179B800087BE4 /* UIImage+GIF.m in Sources */ = {isa = PBXBuildFile; fileRef = 4B47A38718D179B800087BE4 /* UIImage+GIF.m */; };
		4B47A39918D179B800087BE4 /* UIImage+MultiFormat.m in Sources */ = {isa = PBXBuildFile; fileRef = 4B47A38918D179B800087BE4 /* UIImage+MultiFormat.m */; };
		4B47A39A18D179B800087BE4 /* UIImage+WebP.m in Sources */ = {isa = PBXBuildFile; fileRef = 4B47A38B18D179B800087BE4 /* UIImage+WebP.m */; };
		4B47A39B18D179B800087BE4 /* UIImageView+WebCache.m in Sources */ = {isa = PBXBuildFile; fileRef = 4B47A38D18D179B800087BE4 /* UIImageView+WebCache.m */; };
		4B47A39D18D17BB100087BE4 /* man_placeholder.png in Resources */ = {isa = PBXBuildFile; fileRef = 4B47A39C18D17BB100087BE4 /* man_placeholder.png */; };
		4B47A39F18D17BB700087BE4 /* womanPlaceholder.png in Resources */ = {isa = PBXBuildFile; fileRef = 4B47A39E18D17BB700087BE4 /* womanPlaceholder.png */; };
		4B47A3A118D187F600087BE4 /* photo.png in Resources */ = {isa = PBXBuildFile; fileRef = 4B47A3A018D187F600087BE4 /* photo.png */; };
		4B47A3A418D1AA0100087BE4 /* comment.png in Resources */ = {isa = PBXBuildFile; fileRef = 4B47A3A318D1AA0100087BE4 /* comment.png */; };
		4B47A3A618D1AA1600087BE4 /* like.png in Resources */ = {isa = PBXBuildFile; fileRef = 4B47A3A518D1AA1600087BE4 /* like.png */; };
		4B47A3A918D1B40500087BE4 /* favhighlight@2x.png in Resources */ = {isa = PBXBuildFile; fileRef = 4B47A3A718D1B40400087BE4 /* favhighlight@2x.png */; };
		4B47A3AA18D1B40500087BE4 /* favSelectedHighlight@2x.png in Resources */ = {isa = PBXBuildFile; fileRef = 4B47A3A818D1B40400087BE4 /* favSelectedHighlight@2x.png */; };
		4B47A3AC18D1B42300087BE4 /* share.png in Resources */ = {isa = PBXBuildFile; fileRef = 4B47A3AB18D1B42300087BE4 /* share.png */; };
		4B50AC1618D6DE120028BAF9 /* YFInputBar.m in Sources */ = {isa = PBXBuildFile; fileRef = 4B50AC1518D6DE120028BAF9 /* YFInputBar.m */; };
		4B50AC1A18D6EDF20028BAF9 /* writing.png in Resources */ = {isa = PBXBuildFile; fileRef = 4B50AC1918D6EDF20028BAF9 /* writing.png */; };
		4B50AC2818D715960028BAF9 /* GTScrollNavigationBar.m in Sources */ = {isa = PBXBuildFile; fileRef = 4B50AC2718D715960028BAF9 /* GTScrollNavigationBar.m */; };
		4B543FCC18B4F3340052DFDD /* CaptureIcon-highlighted@2x.png in Resources */ = {isa = PBXBuildFile; fileRef = 4B543FCA18B4F3340052DFDD /* CaptureIcon-highlighted@2x.png */; };
		4B543FCD18B4F3340052DFDD /* CaptureIcon@2x.png in Resources */ = {isa = PBXBuildFile; fileRef = 4B543FCB18B4F3340052DFDD /* CaptureIcon@2x.png */; };
		4B543FCF18B4F4EC0052DFDD /* CameraFlipIcon@2x.png in Resources */ = {isa = PBXBuildFile; fileRef = 4B543FCE18B4F4EC0052DFDD /* CameraFlipIcon@2x.png */; };
		4B543FD218B4FBA50052DFDD /* TJCropViewController.m in Sources */ = {isa = PBXBuildFile; fileRef = 4B543FD118B4FBA50052DFDD /* TJCropViewController.m */; };
		4B54577018CDBEF700492F81 /* ChoosePhotoIcon@2x.png in Resources */ = {isa = PBXBuildFile; fileRef = 4B54576F18CDBEF700492F81 /* ChoosePhotoIcon@2x.png */; };
		4B569C9918CE9E36000DF219 /* TencentOpenApi_IOS_Bundle.bundle in Resources */ = {isa = PBXBuildFile; fileRef = 4B569C9718CE9E36000DF219 /* TencentOpenApi_IOS_Bundle.bundle */; };
		4B569C9A18CE9E36000DF219 /* TencentOpenAPI.framework in Frameworks */ = {isa = PBXBuildFile; fileRef = 4B569C9818CE9E36000DF219 /* TencentOpenAPI.framework */; };
		4B569C9C18CE9EA2000DF219 /* Security.framework in Frameworks */ = {isa = PBXBuildFile; fileRef = 4B569C9B18CE9EA2000DF219 /* Security.framework */; };
		4B569C9E18CE9EAE000DF219 /* libiconv.dylib in Frameworks */ = {isa = PBXBuildFile; fileRef = 4B569C9D18CE9EAE000DF219 /* libiconv.dylib */; };
		4B569CA018CE9EB8000DF219 /* SystemConfiguration.framework in Frameworks */ = {isa = PBXBuildFile; fileRef = 4B569C9F18CE9EB8000DF219 /* SystemConfiguration.framework */; };
		4B569CA218CE9ED1000DF219 /* libsqlite3.dylib in Frameworks */ = {isa = PBXBuildFile; fileRef = 4B569CA118CE9ED1000DF219 /* libsqlite3.dylib */; };
		4B569CA418CE9EDC000DF219 /* CoreTelephony.framework in Frameworks */ = {isa = PBXBuildFile; fileRef = 4B569CA318CE9EDC000DF219 /* CoreTelephony.framework */; };
		4B569CA618CE9EE8000DF219 /* libstdc++.dylib in Frameworks */ = {isa = PBXBuildFile; fileRef = 4B569CA518CE9EE8000DF219 /* libstdc++.dylib */; };
		4B569CA818CE9EF4000DF219 /* libz.dylib in Frameworks */ = {isa = PBXBuildFile; fileRef = 4B569CA718CE9EF4000DF219 /* libz.dylib */; };
		4B569CAD18CEA573000DF219 /* TJLoginViewController.m in Sources */ = {isa = PBXBuildFile; fileRef = 4B569CAC18CEA573000DF219 /* TJLoginViewController.m */; };
		4B569CB118CEA848000DF219 /* bt_92X120.png in Resources */ = {isa = PBXBuildFile; fileRef = 4B569CB018CEA848000DF219 /* bt_92X120.png */; };
		4B569CB318CEAAE9000DF219 /* bt_blue_76X24.png in Resources */ = {isa = PBXBuildFile; fileRef = 4B569CB218CEAAE9000DF219 /* bt_blue_76X24.png */; };
		4B569CC918CEBA0D000DF219 /* AFHTTPClient.m in Sources */ = {isa = PBXBuildFile; fileRef = 4B569CB718CEBA0D000DF219 /* AFHTTPClient.m */; };
		4B569CCA18CEBA0D000DF219 /* AFHTTPRequestOperation.m in Sources */ = {isa = PBXBuildFile; fileRef = 4B569CB918CEBA0D000DF219 /* AFHTTPRequestOperation.m */; };
		4B569CCB18CEBA0D000DF219 /* AFImageRequestOperation.m in Sources */ = {isa = PBXBuildFile; fileRef = 4B569CBB18CEBA0D000DF219 /* AFImageRequestOperation.m */; };
		4B569CCC18CEBA0D000DF219 /* AFJSONRequestOperation.m in Sources */ = {isa = PBXBuildFile; fileRef = 4B569CBD18CEBA0D000DF219 /* AFJSONRequestOperation.m */; };
		4B569CCD18CEBA0D000DF219 /* AFNetworkActivityIndicatorManager.m in Sources */ = {isa = PBXBuildFile; fileRef = 4B569CBF18CEBA0D000DF219 /* AFNetworkActivityIndicatorManager.m */; };
		4B569CCE18CEBA0D000DF219 /* AFPropertyListRequestOperation.m in Sources */ = {isa = PBXBuildFile; fileRef = 4B569CC218CEBA0D000DF219 /* AFPropertyListRequestOperation.m */; };
		4B569CCF18CEBA0D000DF219 /* AFURLConnectionOperation.m in Sources */ = {isa = PBXBuildFile; fileRef = 4B569CC418CEBA0D000DF219 /* AFURLConnectionOperation.m */; };
		4B569CD018CEBA0D000DF219 /* AFXMLRequestOperation.m in Sources */ = {isa = PBXBuildFile; fileRef = 4B569CC618CEBA0D000DF219 /* AFXMLRequestOperation.m */; };
		4B569CD118CEBA0D000DF219 /* UIImageView+AFNetworking.m in Sources */ = {isa = PBXBuildFile; fileRef = 4B569CC818CEBA0D000DF219 /* UIImageView+AFNetworking.m */; };
		4B569CD518CEBAA7000DF219 /* TJDataController.m in Sources */ = {isa = PBXBuildFile; fileRef = 4B569CD418CEBAA7000DF219 /* TJDataController.m */; };
		4B569CDD18CEBB5D000DF219 /* TJNetworkManager.m in Sources */ = {isa = PBXBuildFile; fileRef = 4B569CD818CEBB5D000DF219 /* TJNetworkManager.m */; };
		4B569CDE18CEBB5D000DF219 /* TJTencentAPIClient.m in Sources */ = {isa = PBXBuildFile; fileRef = 4B569CDA18CEBB5D000DF219 /* TJTencentAPIClient.m */; };
		4B569CDF18CEBB5D000DF219 /* TJMyServerClient.m in Sources */ = {isa = PBXBuildFile; fileRef = 4B569CDC18CEBB5D000DF219 /* TJMyServerClient.m */; };
		4B569CE318CED1E4000DF219 /* TJDiskCacheManager.m in Sources */ = {isa = PBXBuildFile; fileRef = 4B569CE218CED1E4000DF219 /* TJDiskCacheManager.m */; };
		4B569CEA18CF0BE9000DF219 /* TJUser.m in Sources */ = {isa = PBXBuildFile; fileRef = 4B569CE918CF0BE9000DF219 /* TJUser.m */; };
		4B7A421018B0CF66009356F4 /* TJShowViewController.m in Sources */ = {isa = PBXBuildFile; fileRef = 4B7A420F18B0CF66009356F4 /* TJShowViewController.m */; };
		4B7A421418B0DCE2009356F4 /* camera_18_2x.png in Resources */ = {isa = PBXBuildFile; fileRef = 4B7A421318B0DCE2009356F4 /* camera_18_2x.png */; };
		4BC7D07E18B394690055D40B /* AVCamPreviewView.m in Sources */ = {isa = PBXBuildFile; fileRef = 4BC7D07D18B394690055D40B /* AVCamPreviewView.m */; };
		4BC7D08118B394A40055D40B /* TJCamViewController.m in Sources */ = {isa = PBXBuildFile; fileRef = 4BC7D08018B394A40055D40B /* TJCamViewController.m */; };
		4BDEDB3C18CFF48A001C2874 /* male.png in Resources */ = {isa = PBXBuildFile; fileRef = 4BDEDB3B18CFF48A001C2874 /* male.png */; };
		4BDEDB3E18CFF490001C2874 /* female.png in Resources */ = {isa = PBXBuildFile; fileRef = 4BDEDB3D18CFF490001C2874 /* female.png */; };
		4BE1636018B869040009158D /* ImageScrollView.m in Sources */ = {isa = PBXBuildFile; fileRef = 4BE1635F18B869040009158D /* ImageScrollView.m */; };
		4BE1636318B9D7890009158D /* TJEditViewController.m in Sources */ = {isa = PBXBuildFile; fileRef = 4BE1636218B9D7880009158D /* TJEditViewController.m */; };
		4BF41A2318D299B6004E9A38 /* TJCommentViewController.m in Sources */ = {isa = PBXBuildFile; fileRef = 4BF41A2218D299B6004E9A38 /* TJCommentViewController.m */; };
		4BF41A2718D2E17A004E9A38 /* write.png in Resources */ = {isa = PBXBuildFile; fileRef = 4BF41A2618D2E17A004E9A38 /* write.png */; };
		4BFA998F18AFA19200D673CB /* Foundation.framework in Frameworks */ = {isa = PBXBuildFile; fileRef = 4BFA998E18AFA19200D673CB /* Foundation.framework */; };
		4BFA999118AFA19200D673CB /* CoreGraphics.framework in Frameworks */ = {isa = PBXBuildFile; fileRef = 4BFA999018AFA19200D673CB /* CoreGraphics.framework */; };
		4BFA999318AFA19200D673CB /* UIKit.framework in Frameworks */ = {isa = PBXBuildFile; fileRef = 4BFA999218AFA19200D673CB /* UIKit.framework */; };
		4BFA999918AFA19200D673CB /* InfoPlist.strings in Resources */ = {isa = PBXBuildFile; fileRef = 4BFA999718AFA19200D673CB /* InfoPlist.strings */; };
		4BFA999B18AFA19200D673CB /* main.m in Sources */ = {isa = PBXBuildFile; fileRef = 4BFA999A18AFA19200D673CB /* main.m */; };
		4BFA999F18AFA19200D673CB /* TJAppDelegate.m in Sources */ = {isa = PBXBuildFile; fileRef = 4BFA999E18AFA19200D673CB /* TJAppDelegate.m */; };
		4BFA99A118AFA19200D673CB /* Images.xcassets in Resources */ = {isa = PBXBuildFile; fileRef = 4BFA99A018AFA19200D673CB /* Images.xcassets */; };
		4BFA99A818AFA19200D673CB /* XCTest.framework in Frameworks */ = {isa = PBXBuildFile; fileRef = 4BFA99A718AFA19200D673CB /* XCTest.framework */; };
		4BFA99A918AFA19200D673CB /* Foundation.framework in Frameworks */ = {isa = PBXBuildFile; fileRef = 4BFA998E18AFA19200D673CB /* Foundation.framework */; };
		4BFA99AA18AFA19200D673CB /* UIKit.framework in Frameworks */ = {isa = PBXBuildFile; fileRef = 4BFA999218AFA19200D673CB /* UIKit.framework */; };
		4BFA99B218AFA19200D673CB /* InfoPlist.strings in Resources */ = {isa = PBXBuildFile; fileRef = 4BFA99B018AFA19200D673CB /* InfoPlist.strings */; };
		4BFA99B418AFA19200D673CB /* TuijianTests.m in Sources */ = {isa = PBXBuildFile; fileRef = 4BFA99B318AFA19200D673CB /* TuijianTests.m */; };
		4BFB64CC18C07ACA00C304BB /* TJInfoViewController.m in Sources */ = {isa = PBXBuildFile; fileRef = 4BFB64CB18C07ACA00C304BB /* TJInfoViewController.m */; };
		4BFB64CF18C07AEC00C304BB /* TJMineViewController.m in Sources */ = {isa = PBXBuildFile; fileRef = 4BFB64CE18C07AEC00C304BB /* TJMineViewController.m */; };
		4BFB64D218C187F800C304BB /* TJBaseViewController.m in Sources */ = {isa = PBXBuildFile; fileRef = 4BFB64D118C187F800C304BB /* TJBaseViewController.m */; };
/* End PBXBuildFile section */

/* Begin PBXContainerItemProxy section */
		4BFA99AB18AFA19200D673CB /* PBXContainerItemProxy */ = {
			isa = PBXContainerItemProxy;
			containerPortal = 4BFA998318AFA19200D673CB /* Project object */;
			proxyType = 1;
			remoteGlobalIDString = 4BFA998A18AFA19200D673CB;
			remoteInfo = Tuijian;
		};
/* End PBXContainerItemProxy section */

/* Begin PBXFileReference section */
		4B47A36618D1462500087BE4 /* TJItemCell.h */ = {isa = PBXFileReference; fileEncoding = 4; lastKnownFileType = sourcecode.c.h; path = TJItemCell.h; sourceTree = "<group>"; };
		4B47A36718D1462500087BE4 /* TJItemCell.m */ = {isa = PBXFileReference; fileEncoding = 4; lastKnownFileType = sourcecode.c.objc; path = TJItemCell.m; sourceTree = "<group>"; };
		4B47A36918D1477400087BE4 /* TJItem.h */ = {isa = PBXFileReference; fileEncoding = 4; lastKnownFileType = sourcecode.c.h; path = TJItem.h; sourceTree = "<group>"; };
		4B47A36A18D1477400087BE4 /* TJItem.m */ = {isa = PBXFileReference; fileEncoding = 4; lastKnownFileType = sourcecode.c.objc; path = TJItem.m; sourceTree = "<group>"; };
		4B47A36D18D1627400087BE4 /* TJParser.h */ = {isa = PBXFileReference; fileEncoding = 4; lastKnownFileType = sourcecode.c.h; path = TJParser.h; sourceTree = "<group>"; };
		4B47A36E18D1627400087BE4 /* TJParser.m */ = {isa = PBXFileReference; fileEncoding = 4; lastKnownFileType = sourcecode.c.objc; path = TJParser.m; sourceTree = "<group>"; };
		4B47A37118D179B800087BE4 /* MKAnnotationView+WebCache.h */ = {isa = PBXFileReference; fileEncoding = 4; lastKnownFileType = sourcecode.c.h; path = "MKAnnotationView+WebCache.h"; sourceTree = "<group>"; };
		4B47A37218D179B800087BE4 /* MKAnnotationView+WebCache.m */ = {isa = PBXFileReference; fileEncoding = 4; lastKnownFileType = sourcecode.c.objc; path = "MKAnnotationView+WebCache.m"; sourceTree = "<group>"; };
		4B47A37318D179B800087BE4 /* NSData+ImageContentType.h */ = {isa = PBXFileReference; fileEncoding = 4; lastKnownFileType = sourcecode.c.h; path = "NSData+ImageContentType.h"; sourceTree = "<group>"; };
		4B47A37418D179B800087BE4 /* NSData+ImageContentType.m */ = {isa = PBXFileReference; fileEncoding = 4; lastKnownFileType = sourcecode.c.objc; path = "NSData+ImageContentType.m"; sourceTree = "<group>"; };
		4B47A37518D179B800087BE4 /* SDImageCache.h */ = {isa = PBXFileReference; fileEncoding = 4; lastKnownFileType = sourcecode.c.h; path = SDImageCache.h; sourceTree = "<group>"; };
		4B47A37618D179B800087BE4 /* SDImageCache.m */ = {isa = PBXFileReference; fileEncoding = 4; lastKnownFileType = sourcecode.c.objc; path = SDImageCache.m; sourceTree = "<group>"; };
		4B47A37718D179B800087BE4 /* SDWebImageCompat.h */ = {isa = PBXFileReference; fileEncoding = 4; lastKnownFileType = sourcecode.c.h; path = SDWebImageCompat.h; sourceTree = "<group>"; };
		4B47A37818D179B800087BE4 /* SDWebImageCompat.m */ = {isa = PBXFileReference; fileEncoding = 4; lastKnownFileType = sourcecode.c.objc; path = SDWebImageCompat.m; sourceTree = "<group>"; };
		4B47A37918D179B800087BE4 /* SDWebImageDecoder.h */ = {isa = PBXFileReference; fileEncoding = 4; lastKnownFileType = sourcecode.c.h; path = SDWebImageDecoder.h; sourceTree = "<group>"; };
		4B47A37A18D179B800087BE4 /* SDWebImageDecoder.m */ = {isa = PBXFileReference; fileEncoding = 4; lastKnownFileType = sourcecode.c.objc; path = SDWebImageDecoder.m; sourceTree = "<group>"; };
		4B47A37B18D179B800087BE4 /* SDWebImageDownloader.h */ = {isa = PBXFileReference; fileEncoding = 4; lastKnownFileType = sourcecode.c.h; path = SDWebImageDownloader.h; sourceTree = "<group>"; };
		4B47A37C18D179B800087BE4 /* SDWebImageDownloader.m */ = {isa = PBXFileReference; fileEncoding = 4; lastKnownFileType = sourcecode.c.objc; path = SDWebImageDownloader.m; sourceTree = "<group>"; };
		4B47A37D18D179B800087BE4 /* SDWebImageDownloaderOperation.h */ = {isa = PBXFileReference; fileEncoding = 4; lastKnownFileType = sourcecode.c.h; path = SDWebImageDownloaderOperation.h; sourceTree = "<group>"; };
		4B47A37E18D179B800087BE4 /* SDWebImageDownloaderOperation.m */ = {isa = PBXFileReference; fileEncoding = 4; lastKnownFileType = sourcecode.c.objc; path = SDWebImageDownloaderOperation.m; sourceTree = "<group>"; };
		4B47A37F18D179B800087BE4 /* SDWebImageManager.h */ = {isa = PBXFileReference; fileEncoding = 4; lastKnownFileType = sourcecode.c.h; path = SDWebImageManager.h; sourceTree = "<group>"; };
		4B47A38018D179B800087BE4 /* SDWebImageManager.m */ = {isa = PBXFileReference; fileEncoding = 4; lastKnownFileType = sourcecode.c.objc; path = SDWebImageManager.m; sourceTree = "<group>"; };
		4B47A38118D179B800087BE4 /* SDWebImageOperation.h */ = {isa = PBXFileReference; fileEncoding = 4; lastKnownFileType = sourcecode.c.h; path = SDWebImageOperation.h; sourceTree = "<group>"; };
		4B47A38218D179B800087BE4 /* SDWebImagePrefetcher.h */ = {isa = PBXFileReference; fileEncoding = 4; lastKnownFileType = sourcecode.c.h; path = SDWebImagePrefetcher.h; sourceTree = "<group>"; };
		4B47A38318D179B800087BE4 /* SDWebImagePrefetcher.m */ = {isa = PBXFileReference; fileEncoding = 4; lastKnownFileType = sourcecode.c.objc; path = SDWebImagePrefetcher.m; sourceTree = "<group>"; };
		4B47A38418D179B800087BE4 /* UIButton+WebCache.h */ = {isa = PBXFileReference; fileEncoding = 4; lastKnownFileType = sourcecode.c.h; path = "UIButton+WebCache.h"; sourceTree = "<group>"; };
		4B47A38518D179B800087BE4 /* UIButton+WebCache.m */ = {isa = PBXFileReference; fileEncoding = 4; lastKnownFileType = sourcecode.c.objc; path = "UIButton+WebCache.m"; sourceTree = "<group>"; };
		4B47A38618D179B800087BE4 /* UIImage+GIF.h */ = {isa = PBXFileReference; fileEncoding = 4; lastKnownFileType = sourcecode.c.h; path = "UIImage+GIF.h"; sourceTree = "<group>"; };
		4B47A38718D179B800087BE4 /* UIImage+GIF.m */ = {isa = PBXFileReference; fileEncoding = 4; lastKnownFileType = sourcecode.c.objc; path = "UIImage+GIF.m"; sourceTree = "<group>"; };
		4B47A38818D179B800087BE4 /* UIImage+MultiFormat.h */ = {isa = PBXFileReference; fileEncoding = 4; lastKnownFileType = sourcecode.c.h; path = "UIImage+MultiFormat.h"; sourceTree = "<group>"; };
		4B47A38918D179B800087BE4 /* UIImage+MultiFormat.m */ = {isa = PBXFileReference; fileEncoding = 4; lastKnownFileType = sourcecode.c.objc; path = "UIImage+MultiFormat.m"; sourceTree = "<group>"; };
		4B47A38A18D179B800087BE4 /* UIImage+WebP.h */ = {isa = PBXFileReference; fileEncoding = 4; lastKnownFileType = sourcecode.c.h; path = "UIImage+WebP.h"; sourceTree = "<group>"; };
		4B47A38B18D179B800087BE4 /* UIImage+WebP.m */ = {isa = PBXFileReference; fileEncoding = 4; lastKnownFileType = sourcecode.c.objc; path = "UIImage+WebP.m"; sourceTree = "<group>"; };
		4B47A38C18D179B800087BE4 /* UIImageView+WebCache.h */ = {isa = PBXFileReference; fileEncoding = 4; lastKnownFileType = sourcecode.c.h; path = "UIImageView+WebCache.h"; sourceTree = "<group>"; };
		4B47A38D18D179B800087BE4 /* UIImageView+WebCache.m */ = {isa = PBXFileReference; fileEncoding = 4; lastKnownFileType = sourcecode.c.objc; path = "UIImageView+WebCache.m"; sourceTree = "<group>"; };
		4B47A39C18D17BB100087BE4 /* man_placeholder.png */ = {isa = PBXFileReference; lastKnownFileType = image.png; path = man_placeholder.png; sourceTree = "<group>"; };
		4B47A39E18D17BB700087BE4 /* womanPlaceholder.png */ = {isa = PBXFileReference; lastKnownFileType = image.png; path = womanPlaceholder.png; sourceTree = "<group>"; };
		4B47A3A018D187F600087BE4 /* photo.png */ = {isa = PBXFileReference; lastKnownFileType = image.png; path = photo.png; sourceTree = "<group>"; };
		4B47A3A318D1AA0100087BE4 /* comment.png */ = {isa = PBXFileReference; lastKnownFileType = image.png; path = comment.png; sourceTree = "<group>"; };
		4B47A3A518D1AA1600087BE4 /* like.png */ = {isa = PBXFileReference; lastKnownFileType = image.png; path = like.png; sourceTree = "<group>"; };
		4B47A3A718D1B40400087BE4 /* favhighlight@2x.png */ = {isa = PBXFileReference; lastKnownFileType = image.png; path = "favhighlight@2x.png"; sourceTree = "<group>"; };
		4B47A3A818D1B40400087BE4 /* favSelectedHighlight@2x.png */ = {isa = PBXFileReference; lastKnownFileType = image.png; path = "favSelectedHighlight@2x.png"; sourceTree = "<group>"; };
		4B47A3AB18D1B42300087BE4 /* share.png */ = {isa = PBXFileReference; lastKnownFileType = image.png; path = share.png; sourceTree = "<group>"; };
		4B50AC1418D6DE120028BAF9 /* YFInputBar.h */ = {isa = PBXFileReference; fileEncoding = 4; lastKnownFileType = sourcecode.c.h; path = YFInputBar.h; sourceTree = "<group>"; };
		4B50AC1518D6DE120028BAF9 /* YFInputBar.m */ = {isa = PBXFileReference; fileEncoding = 4; lastKnownFileType = sourcecode.c.objc; path = YFInputBar.m; sourceTree = "<group>"; };
		4B50AC1918D6EDF20028BAF9 /* writing.png */ = {isa = PBXFileReference; lastKnownFileType = image.png; path = writing.png; sourceTree = "<group>"; };
		4B50AC2618D715960028BAF9 /* GTScrollNavigationBar.h */ = {isa = PBXFileReference; fileEncoding = 4; lastKnownFileType = sourcecode.c.h; path = GTScrollNavigationBar.h; sourceTree = "<group>"; };
		4B50AC2718D715960028BAF9 /* GTScrollNavigationBar.m */ = {isa = PBXFileReference; fileEncoding = 4; lastKnownFileType = sourcecode.c.objc; path = GTScrollNavigationBar.m; sourceTree = "<group>"; };
		4B543FCA18B4F3340052DFDD /* CaptureIcon-highlighted@2x.png */ = {isa = PBXFileReference; lastKnownFileType = image.png; path = "CaptureIcon-highlighted@2x.png"; sourceTree = "<group>"; };
		4B543FCB18B4F3340052DFDD /* CaptureIcon@2x.png */ = {isa = PBXFileReference; lastKnownFileType = image.png; path = "CaptureIcon@2x.png"; sourceTree = "<group>"; };
		4B543FCE18B4F4EC0052DFDD /* CameraFlipIcon@2x.png */ = {isa = PBXFileReference; lastKnownFileType = image.png; path = "CameraFlipIcon@2x.png"; sourceTree = "<group>"; };
		4B543FD018B4FBA50052DFDD /* TJCropViewController.h */ = {isa = PBXFileReference; fileEncoding = 4; lastKnownFileType = sourcecode.c.h; path = TJCropViewController.h; sourceTree = "<group>"; };
		4B543FD118B4FBA50052DFDD /* TJCropViewController.m */ = {isa = PBXFileReference; fileEncoding = 4; lastKnownFileType = sourcecode.c.objc; path = TJCropViewController.m; sourceTree = "<group>"; };
		4B54576F18CDBEF700492F81 /* ChoosePhotoIcon@2x.png */ = {isa = PBXFileReference; lastKnownFileType = image.png; path = "ChoosePhotoIcon@2x.png"; sourceTree = "<group>"; };
		4B569C9718CE9E36000DF219 /* TencentOpenApi_IOS_Bundle.bundle */ = {isa = PBXFileReference; lastKnownFileType = "wrapper.plug-in"; path = TencentOpenApi_IOS_Bundle.bundle; sourceTree = "<group>"; };
		4B569C9818CE9E36000DF219 /* TencentOpenAPI.framework */ = {isa = PBXFileReference; lastKnownFileType = wrapper.framework; name = TencentOpenAPI.framework; path = Tuijian/TencentOpenAPI.framework; sourceTree = "<group>"; };
		4B569C9B18CE9EA2000DF219 /* Security.framework */ = {isa = PBXFileReference; lastKnownFileType = wrapper.framework; name = Security.framework; path = System/Library/Frameworks/Security.framework; sourceTree = SDKROOT; };
		4B569C9D18CE9EAE000DF219 /* libiconv.dylib */ = {isa = PBXFileReference; lastKnownFileType = "compiled.mach-o.dylib"; name = libiconv.dylib; path = usr/lib/libiconv.dylib; sourceTree = SDKROOT; };
		4B569C9F18CE9EB8000DF219 /* SystemConfiguration.framework */ = {isa = PBXFileReference; lastKnownFileType = wrapper.framework; name = SystemConfiguration.framework; path = System/Library/Frameworks/SystemConfiguration.framework; sourceTree = SDKROOT; };
		4B569CA118CE9ED1000DF219 /* libsqlite3.dylib */ = {isa = PBXFileReference; lastKnownFileType = "compiled.mach-o.dylib"; name = libsqlite3.dylib; path = usr/lib/libsqlite3.dylib; sourceTree = SDKROOT; };
		4B569CA318CE9EDC000DF219 /* CoreTelephony.framework */ = {isa = PBXFileReference; lastKnownFileType = wrapper.framework; name = CoreTelephony.framework; path = System/Library/Frameworks/CoreTelephony.framework; sourceTree = SDKROOT; };
		4B569CA518CE9EE8000DF219 /* libstdc++.dylib */ = {isa = PBXFileReference; lastKnownFileType = "compiled.mach-o.dylib"; name = "libstdc++.dylib"; path = "usr/lib/libstdc++.dylib"; sourceTree = SDKROOT; };
		4B569CA718CE9EF4000DF219 /* libz.dylib */ = {isa = PBXFileReference; lastKnownFileType = "compiled.mach-o.dylib"; name = libz.dylib; path = usr/lib/libz.dylib; sourceTree = SDKROOT; };
		4B569CAB18CEA573000DF219 /* TJLoginViewController.h */ = {isa = PBXFileReference; fileEncoding = 4; lastKnownFileType = sourcecode.c.h; path = TJLoginViewController.h; sourceTree = "<group>"; };
		4B569CAC18CEA573000DF219 /* TJLoginViewController.m */ = {isa = PBXFileReference; fileEncoding = 4; lastKnownFileType = sourcecode.c.objc; path = TJLoginViewController.m; sourceTree = "<group>"; };
		4B569CB018CEA848000DF219 /* bt_92X120.png */ = {isa = PBXFileReference; lastKnownFileType = image.png; path = bt_92X120.png; sourceTree = "<group>"; };
		4B569CB218CEAAE9000DF219 /* bt_blue_76X24.png */ = {isa = PBXFileReference; lastKnownFileType = image.png; path = bt_blue_76X24.png; sourceTree = "<group>"; };
		4B569CB618CEBA0D000DF219 /* AFHTTPClient.h */ = {isa = PBXFileReference; fileEncoding = 4; lastKnownFileType = sourcecode.c.h; path = AFHTTPClient.h; sourceTree = "<group>"; };
		4B569CB718CEBA0D000DF219 /* AFHTTPClient.m */ = {isa = PBXFileReference; fileEncoding = 4; lastKnownFileType = sourcecode.c.objc; path = AFHTTPClient.m; sourceTree = "<group>"; };
		4B569CB818CEBA0D000DF219 /* AFHTTPRequestOperation.h */ = {isa = PBXFileReference; fileEncoding = 4; lastKnownFileType = sourcecode.c.h; path = AFHTTPRequestOperation.h; sourceTree = "<group>"; };
		4B569CB918CEBA0D000DF219 /* AFHTTPRequestOperation.m */ = {isa = PBXFileReference; fileEncoding = 4; lastKnownFileType = sourcecode.c.objc; path = AFHTTPRequestOperation.m; sourceTree = "<group>"; };
		4B569CBA18CEBA0D000DF219 /* AFImageRequestOperation.h */ = {isa = PBXFileReference; fileEncoding = 4; lastKnownFileType = sourcecode.c.h; path = AFImageRequestOperation.h; sourceTree = "<group>"; };
		4B569CBB18CEBA0D000DF219 /* AFImageRequestOperation.m */ = {isa = PBXFileReference; fileEncoding = 4; lastKnownFileType = sourcecode.c.objc; path = AFImageRequestOperation.m; sourceTree = "<group>"; };
		4B569CBC18CEBA0D000DF219 /* AFJSONRequestOperation.h */ = {isa = PBXFileReference; fileEncoding = 4; lastKnownFileType = sourcecode.c.h; path = AFJSONRequestOperation.h; sourceTree = "<group>"; };
		4B569CBD18CEBA0D000DF219 /* AFJSONRequestOperation.m */ = {isa = PBXFileReference; fileEncoding = 4; lastKnownFileType = sourcecode.c.objc; path = AFJSONRequestOperation.m; sourceTree = "<group>"; };
		4B569CBE18CEBA0D000DF219 /* AFNetworkActivityIndicatorManager.h */ = {isa = PBXFileReference; fileEncoding = 4; lastKnownFileType = sourcecode.c.h; path = AFNetworkActivityIndicatorManager.h; sourceTree = "<group>"; };
		4B569CBF18CEBA0D000DF219 /* AFNetworkActivityIndicatorManager.m */ = {isa = PBXFileReference; fileEncoding = 4; lastKnownFileType = sourcecode.c.objc; path = AFNetworkActivityIndicatorManager.m; sourceTree = "<group>"; };
		4B569CC018CEBA0D000DF219 /* AFNetworking.h */ = {isa = PBXFileReference; fileEncoding = 4; lastKnownFileType = sourcecode.c.h; path = AFNetworking.h; sourceTree = "<group>"; };
		4B569CC118CEBA0D000DF219 /* AFPropertyListRequestOperation.h */ = {isa = PBXFileReference; fileEncoding = 4; lastKnownFileType = sourcecode.c.h; path = AFPropertyListRequestOperation.h; sourceTree = "<group>"; };
		4B569CC218CEBA0D000DF219 /* AFPropertyListRequestOperation.m */ = {isa = PBXFileReference; fileEncoding = 4; lastKnownFileType = sourcecode.c.objc; path = AFPropertyListRequestOperation.m; sourceTree = "<group>"; };
		4B569CC318CEBA0D000DF219 /* AFURLConnectionOperation.h */ = {isa = PBXFileReference; fileEncoding = 4; lastKnownFileType = sourcecode.c.h; path = AFURLConnectionOperation.h; sourceTree = "<group>"; };
		4B569CC418CEBA0D000DF219 /* AFURLConnectionOperation.m */ = {isa = PBXFileReference; fileEncoding = 4; lastKnownFileType = sourcecode.c.objc; path = AFURLConnectionOperation.m; sourceTree = "<group>"; };
		4B569CC518CEBA0D000DF219 /* AFXMLRequestOperation.h */ = {isa = PBXFileReference; fileEncoding = 4; lastKnownFileType = sourcecode.c.h; path = AFXMLRequestOperation.h; sourceTree = "<group>"; };
		4B569CC618CEBA0D000DF219 /* AFXMLRequestOperation.m */ = {isa = PBXFileReference; fileEncoding = 4; lastKnownFileType = sourcecode.c.objc; path = AFXMLRequestOperation.m; sourceTree = "<group>"; };
		4B569CC718CEBA0D000DF219 /* UIImageView+AFNetworking.h */ = {isa = PBXFileReference; fileEncoding = 4; lastKnownFileType = sourcecode.c.h; path = "UIImageView+AFNetworking.h"; sourceTree = "<group>"; };
		4B569CC818CEBA0D000DF219 /* UIImageView+AFNetworking.m */ = {isa = PBXFileReference; fileEncoding = 4; lastKnownFileType = sourcecode.c.objc; path = "UIImageView+AFNetworking.m"; sourceTree = "<group>"; };
		4B569CD318CEBAA7000DF219 /* TJDataController.h */ = {isa = PBXFileReference; fileEncoding = 4; lastKnownFileType = sourcecode.c.h; path = TJDataController.h; sourceTree = "<group>"; };
		4B569CD418CEBAA7000DF219 /* TJDataController.m */ = {isa = PBXFileReference; fileEncoding = 4; lastKnownFileType = sourcecode.c.objc; path = TJDataController.m; sourceTree = "<group>"; };
		4B569CD718CEBB5D000DF219 /* TJNetworkManager.h */ = {isa = PBXFileReference; fileEncoding = 4; lastKnownFileType = sourcecode.c.h; path = TJNetworkManager.h; sourceTree = "<group>"; };
		4B569CD818CEBB5D000DF219 /* TJNetworkManager.m */ = {isa = PBXFileReference; fileEncoding = 4; lastKnownFileType = sourcecode.c.objc; path = TJNetworkManager.m; sourceTree = "<group>"; };
		4B569CD918CEBB5D000DF219 /* TJTencentAPIClient.h */ = {isa = PBXFileReference; fileEncoding = 4; lastKnownFileType = sourcecode.c.h; path = TJTencentAPIClient.h; sourceTree = "<group>"; };
		4B569CDA18CEBB5D000DF219 /* TJTencentAPIClient.m */ = {isa = PBXFileReference; fileEncoding = 4; lastKnownFileType = sourcecode.c.objc; path = TJTencentAPIClient.m; sourceTree = "<group>"; };
		4B569CDB18CEBB5D000DF219 /* TJMyServerClient.h */ = {isa = PBXFileReference; fileEncoding = 4; lastKnownFileType = sourcecode.c.h; path = TJMyServerClient.h; sourceTree = "<group>"; };
		4B569CDC18CEBB5D000DF219 /* TJMyServerClient.m */ = {isa = PBXFileReference; fileEncoding = 4; lastKnownFileType = sourcecode.c.objc; path = TJMyServerClient.m; sourceTree = "<group>"; };
		4B569CE118CED1E4000DF219 /* TJDiskCacheManager.h */ = {isa = PBXFileReference; fileEncoding = 4; lastKnownFileType = sourcecode.c.h; path = TJDiskCacheManager.h; sourceTree = "<group>"; };
		4B569CE218CED1E4000DF219 /* TJDiskCacheManager.m */ = {isa = PBXFileReference; fileEncoding = 4; lastKnownFileType = sourcecode.c.objc; path = TJDiskCacheManager.m; sourceTree = "<group>"; };
		4B569CE618CED567000DF219 /* Common.h */ = {isa = PBXFileReference; fileEncoding = 4; lastKnownFileType = sourcecode.c.h; path = Common.h; sourceTree = "<group>"; };
		4B569CE818CF0BE9000DF219 /* TJUser.h */ = {isa = PBXFileReference; fileEncoding = 4; lastKnownFileType = sourcecode.c.h; path = TJUser.h; sourceTree = "<group>"; };
		4B569CE918CF0BE9000DF219 /* TJUser.m */ = {isa = PBXFileReference; fileEncoding = 4; lastKnownFileType = sourcecode.c.objc; path = TJUser.m; sourceTree = "<group>"; };
		4B7A420E18B0CF66009356F4 /* TJShowViewController.h */ = {isa = PBXFileReference; fileEncoding = 4; lastKnownFileType = sourcecode.c.h; path = TJShowViewController.h; sourceTree = "<group>"; };
		4B7A420F18B0CF66009356F4 /* TJShowViewController.m */ = {isa = PBXFileReference; fileEncoding = 4; lastKnownFileType = sourcecode.c.objc; path = TJShowViewController.m; sourceTree = "<group>"; };
		4B7A421318B0DCE2009356F4 /* camera_18_2x.png */ = {isa = PBXFileReference; lastKnownFileType = image.png; path = camera_18_2x.png; sourceTree = "<group>"; };
		4BC7D07C18B394690055D40B /* AVCamPreviewView.h */ = {isa = PBXFileReference; fileEncoding = 4; lastKnownFileType = sourcecode.c.h; path = AVCamPreviewView.h; sourceTree = "<group>"; };
		4BC7D07D18B394690055D40B /* AVCamPreviewView.m */ = {isa = PBXFileReference; fileEncoding = 4; lastKnownFileType = sourcecode.c.objc; path = AVCamPreviewView.m; sourceTree = "<group>"; };
		4BC7D07F18B394A40055D40B /* TJCamViewController.h */ = {isa = PBXFileReference; fileEncoding = 4; lastKnownFileType = sourcecode.c.h; path = TJCamViewController.h; sourceTree = "<group>"; };
		4BC7D08018B394A40055D40B /* TJCamViewController.m */ = {isa = PBXFileReference; fileEncoding = 4; lastKnownFileType = sourcecode.c.objc; path = TJCamViewController.m; sourceTree = "<group>"; };
		4BDEDB3B18CFF48A001C2874 /* male.png */ = {isa = PBXFileReference; lastKnownFileType = image.png; path = male.png; sourceTree = "<group>"; };
		4BDEDB3D18CFF490001C2874 /* female.png */ = {isa = PBXFileReference; lastKnownFileType = image.png; path = female.png; sourceTree = "<group>"; };
		4BE1635E18B869040009158D /* ImageScrollView.h */ = {isa = PBXFileReference; fileEncoding = 4; lastKnownFileType = sourcecode.c.h; path = ImageScrollView.h; sourceTree = "<group>"; };
		4BE1635F18B869040009158D /* ImageScrollView.m */ = {isa = PBXFileReference; fileEncoding = 4; lastKnownFileType = sourcecode.c.objc; path = ImageScrollView.m; sourceTree = "<group>"; };
		4BE1636118B9D7880009158D /* TJEditViewController.h */ = {isa = PBXFileReference; fileEncoding = 4; lastKnownFileType = sourcecode.c.h; path = TJEditViewController.h; sourceTree = "<group>"; };
		4BE1636218B9D7880009158D /* TJEditViewController.m */ = {isa = PBXFileReference; fileEncoding = 4; lastKnownFileType = sourcecode.c.objc; path = TJEditViewController.m; sourceTree = "<group>"; };
		4BF41A2118D299B6004E9A38 /* TJCommentViewController.h */ = {isa = PBXFileReference; fileEncoding = 4; lastKnownFileType = sourcecode.c.h; path = TJCommentViewController.h; sourceTree = "<group>"; };
		4BF41A2218D299B6004E9A38 /* TJCommentViewController.m */ = {isa = PBXFileReference; fileEncoding = 4; lastKnownFileType = sourcecode.c.objc; path = TJCommentViewController.m; sourceTree = "<group>"; };
		4BF41A2618D2E17A004E9A38 /* write.png */ = {isa = PBXFileReference; lastKnownFileType = image.png; path = write.png; sourceTree = "<group>"; };
		4BFA998B18AFA19200D673CB /* Tuijian.app */ = {isa = PBXFileReference; explicitFileType = wrapper.application; includeInIndex = 0; path = Tuijian.app; sourceTree = BUILT_PRODUCTS_DIR; };
		4BFA998E18AFA19200D673CB /* Foundation.framework */ = {isa = PBXFileReference; lastKnownFileType = wrapper.framework; name = Foundation.framework; path = System/Library/Frameworks/Foundation.framework; sourceTree = SDKROOT; };
		4BFA999018AFA19200D673CB /* CoreGraphics.framework */ = {isa = PBXFileReference; lastKnownFileType = wrapper.framework; name = CoreGraphics.framework; path = System/Library/Frameworks/CoreGraphics.framework; sourceTree = SDKROOT; };
		4BFA999218AFA19200D673CB /* UIKit.framework */ = {isa = PBXFileReference; lastKnownFileType = wrapper.framework; name = UIKit.framework; path = System/Library/Frameworks/UIKit.framework; sourceTree = SDKROOT; };
		4BFA999618AFA19200D673CB /* Tuijian-Info.plist */ = {isa = PBXFileReference; lastKnownFileType = text.plist.xml; path = "Tuijian-Info.plist"; sourceTree = "<group>"; };
		4BFA999818AFA19200D673CB /* en */ = {isa = PBXFileReference; lastKnownFileType = text.plist.strings; name = en; path = en.lproj/InfoPlist.strings; sourceTree = "<group>"; };
		4BFA999A18AFA19200D673CB /* main.m */ = {isa = PBXFileReference; lastKnownFileType = sourcecode.c.objc; path = main.m; sourceTree = "<group>"; };
		4BFA999C18AFA19200D673CB /* Tuijian-Prefix.pch */ = {isa = PBXFileReference; lastKnownFileType = sourcecode.c.h; path = "Tuijian-Prefix.pch"; sourceTree = "<group>"; };
		4BFA999D18AFA19200D673CB /* TJAppDelegate.h */ = {isa = PBXFileReference; lastKnownFileType = sourcecode.c.h; path = TJAppDelegate.h; sourceTree = "<group>"; };
		4BFA999E18AFA19200D673CB /* TJAppDelegate.m */ = {isa = PBXFileReference; lastKnownFileType = sourcecode.c.objc; path = TJAppDelegate.m; sourceTree = "<group>"; };
		4BFA99A018AFA19200D673CB /* Images.xcassets */ = {isa = PBXFileReference; lastKnownFileType = folder.assetcatalog; path = Images.xcassets; sourceTree = "<group>"; };
		4BFA99A618AFA19200D673CB /* TuijianTests.xctest */ = {isa = PBXFileReference; explicitFileType = wrapper.cfbundle; includeInIndex = 0; path = TuijianTests.xctest; sourceTree = BUILT_PRODUCTS_DIR; };
		4BFA99A718AFA19200D673CB /* XCTest.framework */ = {isa = PBXFileReference; lastKnownFileType = wrapper.framework; name = XCTest.framework; path = Library/Frameworks/XCTest.framework; sourceTree = DEVELOPER_DIR; };
		4BFA99AF18AFA19200D673CB /* TuijianTests-Info.plist */ = {isa = PBXFileReference; lastKnownFileType = text.plist.xml; path = "TuijianTests-Info.plist"; sourceTree = "<group>"; };
		4BFA99B118AFA19200D673CB /* en */ = {isa = PBXFileReference; lastKnownFileType = text.plist.strings; name = en; path = en.lproj/InfoPlist.strings; sourceTree = "<group>"; };
		4BFA99B318AFA19200D673CB /* TuijianTests.m */ = {isa = PBXFileReference; lastKnownFileType = sourcecode.c.objc; path = TuijianTests.m; sourceTree = "<group>"; };
		4BFB64CA18C07ACA00C304BB /* TJInfoViewController.h */ = {isa = PBXFileReference; fileEncoding = 4; lastKnownFileType = sourcecode.c.h; path = TJInfoViewController.h; sourceTree = "<group>"; };
		4BFB64CB18C07ACA00C304BB /* TJInfoViewController.m */ = {isa = PBXFileReference; fileEncoding = 4; lastKnownFileType = sourcecode.c.objc; path = TJInfoViewController.m; sourceTree = "<group>"; };
		4BFB64CD18C07AEC00C304BB /* TJMineViewController.h */ = {isa = PBXFileReference; fileEncoding = 4; lastKnownFileType = sourcecode.c.h; path = TJMineViewController.h; sourceTree = "<group>"; };
		4BFB64CE18C07AEC00C304BB /* TJMineViewController.m */ = {isa = PBXFileReference; fileEncoding = 4; lastKnownFileType = sourcecode.c.objc; path = TJMineViewController.m; sourceTree = "<group>"; };
		4BFB64D018C187F800C304BB /* TJBaseViewController.h */ = {isa = PBXFileReference; fileEncoding = 4; lastKnownFileType = sourcecode.c.h; path = TJBaseViewController.h; sourceTree = "<group>"; };
		4BFB64D118C187F800C304BB /* TJBaseViewController.m */ = {isa = PBXFileReference; fileEncoding = 4; lastKnownFileType = sourcecode.c.objc; path = TJBaseViewController.m; sourceTree = "<group>"; };
/* End PBXFileReference section */

/* Begin PBXFrameworksBuildPhase section */
		4BFA998818AFA19200D673CB /* Frameworks */ = {
			isa = PBXFrameworksBuildPhase;
			buildActionMask = 2147483647;
			files = (
				4B569CA818CE9EF4000DF219 /* libz.dylib in Frameworks */,
				4B569CA618CE9EE8000DF219 /* libstdc++.dylib in Frameworks */,
				4B569CA418CE9EDC000DF219 /* CoreTelephony.framework in Frameworks */,
				4B569CA218CE9ED1000DF219 /* libsqlite3.dylib in Frameworks */,
				4BFA999118AFA19200D673CB /* CoreGraphics.framework in Frameworks */,
				4B569CA018CE9EB8000DF219 /* SystemConfiguration.framework in Frameworks */,
				4B569C9E18CE9EAE000DF219 /* libiconv.dylib in Frameworks */,
				4B569C9C18CE9EA2000DF219 /* Security.framework in Frameworks */,
				4B569C9A18CE9E36000DF219 /* TencentOpenAPI.framework in Frameworks */,
				4BFA999318AFA19200D673CB /* UIKit.framework in Frameworks */,
				4BFA998F18AFA19200D673CB /* Foundation.framework in Frameworks */,
			);
			runOnlyForDeploymentPostprocessing = 0;
		};
		4BFA99A318AFA19200D673CB /* Frameworks */ = {
			isa = PBXFrameworksBuildPhase;
			buildActionMask = 2147483647;
			files = (
				4BFA99A818AFA19200D673CB /* XCTest.framework in Frameworks */,
				4BFA99AA18AFA19200D673CB /* UIKit.framework in Frameworks */,
				4BFA99A918AFA19200D673CB /* Foundation.framework in Frameworks */,
			);
			runOnlyForDeploymentPostprocessing = 0;
		};
/* End PBXFrameworksBuildPhase section */

/* Begin PBXGroup section */
		4B47A36C18D1625900087BE4 /* Parser */ = {
			isa = PBXGroup;
			children = (
				4B47A36D18D1627400087BE4 /* TJParser.h */,
				4B47A36E18D1627400087BE4 /* TJParser.m */,
			);
			name = Parser;
			sourceTree = "<group>";
		};
		4B47A37018D179B800087BE4 /* SDWebImage */ = {
			isa = PBXGroup;
			children = (
				4B47A37118D179B800087BE4 /* MKAnnotationView+WebCache.h */,
				4B47A37218D179B800087BE4 /* MKAnnotationView+WebCache.m */,
				4B47A37318D179B800087BE4 /* NSData+ImageContentType.h */,
				4B47A37418D179B800087BE4 /* NSData+ImageContentType.m */,
				4B47A37518D179B800087BE4 /* SDImageCache.h */,
				4B47A37618D179B800087BE4 /* SDImageCache.m */,
				4B47A37718D179B800087BE4 /* SDWebImageCompat.h */,
				4B47A37818D179B800087BE4 /* SDWebImageCompat.m */,
				4B47A37918D179B800087BE4 /* SDWebImageDecoder.h */,
				4B47A37A18D179B800087BE4 /* SDWebImageDecoder.m */,
				4B47A37B18D179B800087BE4 /* SDWebImageDownloader.h */,
				4B47A37C18D179B800087BE4 /* SDWebImageDownloader.m */,
				4B47A37D18D179B800087BE4 /* SDWebImageDownloaderOperation.h */,
				4B47A37E18D179B800087BE4 /* SDWebImageDownloaderOperation.m */,
				4B47A37F18D179B800087BE4 /* SDWebImageManager.h */,
				4B47A38018D179B800087BE4 /* SDWebImageManager.m */,
				4B47A38118D179B800087BE4 /* SDWebImageOperation.h */,
				4B47A38218D179B800087BE4 /* SDWebImagePrefetcher.h */,
				4B47A38318D179B800087BE4 /* SDWebImagePrefetcher.m */,
				4B47A38418D179B800087BE4 /* UIButton+WebCache.h */,
				4B47A38518D179B800087BE4 /* UIButton+WebCache.m */,
				4B47A38618D179B800087BE4 /* UIImage+GIF.h */,
				4B47A38718D179B800087BE4 /* UIImage+GIF.m */,
				4B47A38818D179B800087BE4 /* UIImage+MultiFormat.h */,
				4B47A38918D179B800087BE4 /* UIImage+MultiFormat.m */,
				4B47A38A18D179B800087BE4 /* UIImage+WebP.h */,
				4B47A38B18D179B800087BE4 /* UIImage+WebP.m */,
				4B47A38C18D179B800087BE4 /* UIImageView+WebCache.h */,
				4B47A38D18D179B800087BE4 /* UIImageView+WebCache.m */,
			);
			path = SDWebImage;
			sourceTree = "<group>";
		};
		4B47A3A218D1A9EC00087BE4 /* items */ = {
			isa = PBXGroup;
			children = (
				4B47A3AB18D1B42300087BE4 /* share.png */,
				4B47A3A718D1B40400087BE4 /* favhighlight@2x.png */,
				4B47A3A818D1B40400087BE4 /* favSelectedHighlight@2x.png */,
				4B47A3A318D1AA0100087BE4 /* comment.png */,
				4B47A3A518D1AA1600087BE4 /* like.png */,
			);
			name = items;
			sourceTree = "<group>";
		};
		4B50AC1318D6DCB70028BAF9 /* Comment */ = {
			isa = PBXGroup;
			children = (
				4B50AC1418D6DE120028BAF9 /* YFInputBar.h */,
				4B50AC1518D6DE120028BAF9 /* YFInputBar.m */,
				4BF41A2118D299B6004E9A38 /* TJCommentViewController.h */,
				4BF41A2218D299B6004E9A38 /* TJCommentViewController.m */,
			);
			name = Comment;
			sourceTree = "<group>";
		};
		4B50AC2518D715960028BAF9 /* GTScrollNavigationBar */ = {
			isa = PBXGroup;
			children = (
				4B50AC2618D715960028BAF9 /* GTScrollNavigationBar.h */,
				4B50AC2718D715960028BAF9 /* GTScrollNavigationBar.m */,
			);
			path = GTScrollNavigationBar;
			sourceTree = "<group>";
		};
		4B543FC918B4F30B0052DFDD /* camera */ = {
			isa = PBXGroup;
			children = (
				4B54576F18CDBEF700492F81 /* ChoosePhotoIcon@2x.png */,
				4B543FCE18B4F4EC0052DFDD /* CameraFlipIcon@2x.png */,
				4B543FCA18B4F3340052DFDD /* CaptureIcon-highlighted@2x.png */,
				4B543FCB18B4F3340052DFDD /* CaptureIcon@2x.png */,
			);
			name = camera;
			sourceTree = "<group>";
		};
		4B569C9618CE9DCC000DF219 /* Tencent */ = {
			isa = PBXGroup;
			children = (
				4B569C9718CE9E36000DF219 /* TencentOpenApi_IOS_Bundle.bundle */,
			);
			name = Tencent;
			sourceTree = "<group>";
		};
		4B569CAE18CEA57B000DF219 /* Login */ = {
			isa = PBXGroup;
			children = (
				4B569CAB18CEA573000DF219 /* TJLoginViewController.h */,
				4B569CAC18CEA573000DF219 /* TJLoginViewController.m */,
			);
			name = Login;
			sourceTree = "<group>";
		};
		4B569CAF18CEA839000DF219 /* login */ = {
			isa = PBXGroup;
			children = (
				4B569CB218CEAAE9000DF219 /* bt_blue_76X24.png */,
				4B569CB018CEA848000DF219 /* bt_92X120.png */,
			);
			name = login;
			sourceTree = "<group>";
		};
		4B569CB418CEB9D5000DF219 /* ThirdPartyLibrary */ = {
			isa = PBXGroup;
			children = (
				4B50AC2518D715960028BAF9 /* GTScrollNavigationBar */,
				4B47A37018D179B800087BE4 /* SDWebImage */,
				4B569CB518CEBA0D000DF219 /* AFNetworking */,
				4B569C9618CE9DCC000DF219 /* Tencent */,
			);
			name = ThirdPartyLibrary;
			sourceTree = "<group>";
		};
		4B569CB518CEBA0D000DF219 /* AFNetworking */ = {
			isa = PBXGroup;
			children = (
				4B569CB618CEBA0D000DF219 /* AFHTTPClient.h */,
				4B569CB718CEBA0D000DF219 /* AFHTTPClient.m */,
				4B569CB818CEBA0D000DF219 /* AFHTTPRequestOperation.h */,
				4B569CB918CEBA0D000DF219 /* AFHTTPRequestOperation.m */,
				4B569CBA18CEBA0D000DF219 /* AFImageRequestOperation.h */,
				4B569CBB18CEBA0D000DF219 /* AFImageRequestOperation.m */,
				4B569CBC18CEBA0D000DF219 /* AFJSONRequestOperation.h */,
				4B569CBD18CEBA0D000DF219 /* AFJSONRequestOperation.m */,
				4B569CBE18CEBA0D000DF219 /* AFNetworkActivityIndicatorManager.h */,
				4B569CBF18CEBA0D000DF219 /* AFNetworkActivityIndicatorManager.m */,
				4B569CC018CEBA0D000DF219 /* AFNetworking.h */,
				4B569CC118CEBA0D000DF219 /* AFPropertyListRequestOperation.h */,
				4B569CC218CEBA0D000DF219 /* AFPropertyListRequestOperation.m */,
				4B569CC318CEBA0D000DF219 /* AFURLConnectionOperation.h */,
				4B569CC418CEBA0D000DF219 /* AFURLConnectionOperation.m */,
				4B569CC518CEBA0D000DF219 /* AFXMLRequestOperation.h */,
				4B569CC618CEBA0D000DF219 /* AFXMLRequestOperation.m */,
				4B569CC718CEBA0D000DF219 /* UIImageView+AFNetworking.h */,
				4B569CC818CEBA0D000DF219 /* UIImageView+AFNetworking.m */,
			);
			path = AFNetworking;
			sourceTree = "<group>";
		};
		4B569CD218CEBA8C000DF219 /* DataManager */ = {
			isa = PBXGroup;
			children = (
				4B569CD318CEBAA7000DF219 /* TJDataController.h */,
				4B569CD418CEBAA7000DF219 /* TJDataController.m */,
			);
			name = DataManager;
			sourceTree = "<group>";
		};
		4B569CD618CEBB2A000DF219 /* NetworkManager */ = {
			isa = PBXGroup;
			children = (
				4B569CD718CEBB5D000DF219 /* TJNetworkManager.h */,
				4B569CD818CEBB5D000DF219 /* TJNetworkManager.m */,
				4B569CD918CEBB5D000DF219 /* TJTencentAPIClient.h */,
				4B569CDA18CEBB5D000DF219 /* TJTencentAPIClient.m */,
				4B569CDB18CEBB5D000DF219 /* TJMyServerClient.h */,
				4B569CDC18CEBB5D000DF219 /* TJMyServerClient.m */,
			);
			name = NetworkManager;
			sourceTree = "<group>";
		};
		4B569CE018CED1C0000DF219 /* DiskManager */ = {
			isa = PBXGroup;
			children = (
				4B569CE118CED1E4000DF219 /* TJDiskCacheManager.h */,
				4B569CE218CED1E4000DF219 /* TJDiskCacheManager.m */,
			);
			name = DiskManager;
			sourceTree = "<group>";
		};
		4B569CE418CED50F000DF219 /* Help */ = {
			isa = PBXGroup;
			children = (
				4B569CE618CED567000DF219 /* Common.h */,
			);
			name = Help;
			sourceTree = "<group>";
		};
		4B569CE718CF0BD5000DF219 /* DataModel */ = {
			isa = PBXGroup;
			children = (
				4B569CE818CF0BE9000DF219 /* TJUser.h */,
				4B569CE918CF0BE9000DF219 /* TJUser.m */,
				4B47A36918D1477400087BE4 /* TJItem.h */,
				4B47A36A18D1477400087BE4 /* TJItem.m */,
			);
			name = DataModel;
			sourceTree = "<group>";
		};
		4BDEDB3A18CFF47F001C2874 /* gender */ = {
			isa = PBXGroup;
			children = (
				4B47A39C18D17BB100087BE4 /* man_placeholder.png */,
				4B47A39E18D17BB700087BE4 /* womanPlaceholder.png */,
				4BDEDB3B18CFF48A001C2874 /* male.png */,
				4BDEDB3D18CFF490001C2874 /* female.png */,
			);
			name = gender;
			sourceTree = "<group>";
		};
		4BFA998218AFA19200D673CB = {
			isa = PBXGroup;
			children = (
				4BFA999418AFA19200D673CB /* Tuijian */,
				4BFA99AD18AFA19200D673CB /* TuijianTests */,
				4BFA998D18AFA19200D673CB /* Frameworks */,
				4BFA998C18AFA19200D673CB /* Products */,
			);
			sourceTree = "<group>";
		};
		4BFA998C18AFA19200D673CB /* Products */ = {
			isa = PBXGroup;
			children = (
				4BFA998B18AFA19200D673CB /* Tuijian.app */,
				4BFA99A618AFA19200D673CB /* TuijianTests.xctest */,
			);
			name = Products;
			sourceTree = "<group>";
		};
		4BFA998D18AFA19200D673CB /* Frameworks */ = {
			isa = PBXGroup;
			children = (
				4B569CA718CE9EF4000DF219 /* libz.dylib */,
				4B569CA518CE9EE8000DF219 /* libstdc++.dylib */,
				4B569CA318CE9EDC000DF219 /* CoreTelephony.framework */,
				4B569CA118CE9ED1000DF219 /* libsqlite3.dylib */,
				4B569C9F18CE9EB8000DF219 /* SystemConfiguration.framework */,
				4B569C9D18CE9EAE000DF219 /* libiconv.dylib */,
				4B569C9B18CE9EA2000DF219 /* Security.framework */,
				4B569C9818CE9E36000DF219 /* TencentOpenAPI.framework */,
				4BFA998E18AFA19200D673CB /* Foundation.framework */,
				4BFA999018AFA19200D673CB /* CoreGraphics.framework */,
				4BFA999218AFA19200D673CB /* UIKit.framework */,
				4BFA99A718AFA19200D673CB /* XCTest.framework */,
			);
			name = Frameworks;
			sourceTree = "<group>";
		};
		4BFA999418AFA19200D673CB /* Tuijian */ = {
			isa = PBXGroup;
			children = (
				4B569CE418CED50F000DF219 /* Help */,
				4B569CB418CEB9D5000DF219 /* ThirdPartyLibrary */,
				4B569CD218CEBA8C000DF219 /* DataManager */,
				4B47A36C18D1625900087BE4 /* Parser */,
				4B569CD618CEBB2A000DF219 /* NetworkManager */,
				4B569CE018CED1C0000DF219 /* DiskManager */,
				4B569CE718CF0BD5000DF219 /* DataModel */,
				4B569CAE18CEA57B000DF219 /* Login */,
				4B50AC1318D6DCB70028BAF9 /* Comment */,
				4BFA999D18AFA19200D673CB /* TJAppDelegate.h */,
				4BFA999E18AFA19200D673CB /* TJAppDelegate.m */,
				4BFB64D018C187F800C304BB /* TJBaseViewController.h */,
				4BFB64D118C187F800C304BB /* TJBaseViewController.m */,
				4B7A420E18B0CF66009356F4 /* TJShowViewController.h */,
				4B7A420F18B0CF66009356F4 /* TJShowViewController.m */,
				4BFB64CA18C07ACA00C304BB /* TJInfoViewController.h */,
				4BFB64CB18C07ACA00C304BB /* TJInfoViewController.m */,
				4BFB64CD18C07AEC00C304BB /* TJMineViewController.h */,
				4BFB64CE18C07AEC00C304BB /* TJMineViewController.m */,
				4BC7D07C18B394690055D40B /* AVCamPreviewView.h */,
				4BC7D07D18B394690055D40B /* AVCamPreviewView.m */,
				4BC7D07F18B394A40055D40B /* TJCamViewController.h */,
				4BC7D08018B394A40055D40B /* TJCamViewController.m */,
				4B543FD018B4FBA50052DFDD /* TJCropViewController.h */,
				4B543FD118B4FBA50052DFDD /* TJCropViewController.m */,
				4BE1635E18B869040009158D /* ImageScrollView.h */,
				4BE1635F18B869040009158D /* ImageScrollView.m */,
				4BE1636118B9D7880009158D /* TJEditViewController.h */,
				4BE1636218B9D7880009158D /* TJEditViewController.m */,
				4B47A36618D1462500087BE4 /* TJItemCell.h */,
				4B47A36718D1462500087BE4 /* TJItemCell.m */,
				4BFA99A018AFA19200D673CB /* Images.xcassets */,
				4BFA999518AFA19200D673CB /* Supporting Files */,
			);
			path = Tuijian;
			sourceTree = "<group>";
		};
		4BFA999518AFA19200D673CB /* Supporting Files */ = {
			isa = PBXGroup;
			children = (
				4B47A3A218D1A9EC00087BE4 /* items */,
				4B47A3A018D187F600087BE4 /* photo.png */,
				4BDEDB3A18CFF47F001C2874 /* gender */,
				4B569CAF18CEA839000DF219 /* login */,
				4B543FC918B4F30B0052DFDD /* camera */,
				4B7A421318B0DCE2009356F4 /* camera_18_2x.png */,
				4BF41A2618D2E17A004E9A38 /* write.png */,
				4B50AC1918D6EDF20028BAF9 /* writing.png */,
				4BFA999618AFA19200D673CB /* Tuijian-Info.plist */,
				4BFA999718AFA19200D673CB /* InfoPlist.strings */,
				4BFA999A18AFA19200D673CB /* main.m */,
				4BFA999C18AFA19200D673CB /* Tuijian-Prefix.pch */,
			);
			name = "Supporting Files";
			sourceTree = "<group>";
		};
		4BFA99AD18AFA19200D673CB /* TuijianTests */ = {
			isa = PBXGroup;
			children = (
				4BFA99B318AFA19200D673CB /* TuijianTests.m */,
				4BFA99AE18AFA19200D673CB /* Supporting Files */,
			);
			path = TuijianTests;
			sourceTree = "<group>";
		};
		4BFA99AE18AFA19200D673CB /* Supporting Files */ = {
			isa = PBXGroup;
			children = (
				4BFA99AF18AFA19200D673CB /* TuijianTests-Info.plist */,
				4BFA99B018AFA19200D673CB /* InfoPlist.strings */,
			);
			name = "Supporting Files";
			sourceTree = "<group>";
		};
/* End PBXGroup section */

/* Begin PBXNativeTarget section */
		4BFA998A18AFA19200D673CB /* Tuijian */ = {
			isa = PBXNativeTarget;
			buildConfigurationList = 4BFA99B718AFA19200D673CB /* Build configuration list for PBXNativeTarget "Tuijian" */;
			buildPhases = (
				4BFA998718AFA19200D673CB /* Sources */,
				4BFA998818AFA19200D673CB /* Frameworks */,
				4BFA998918AFA19200D673CB /* Resources */,
			);
			buildRules = (
			);
			dependencies = (
			);
			name = Tuijian;
			productName = Tuijian;
			productReference = 4BFA998B18AFA19200D673CB /* Tuijian.app */;
			productType = "com.apple.product-type.application";
		};
		4BFA99A518AFA19200D673CB /* TuijianTests */ = {
			isa = PBXNativeTarget;
			buildConfigurationList = 4BFA99BA18AFA19300D673CB /* Build configuration list for PBXNativeTarget "TuijianTests" */;
			buildPhases = (
				4BFA99A218AFA19200D673CB /* Sources */,
				4BFA99A318AFA19200D673CB /* Frameworks */,
				4BFA99A418AFA19200D673CB /* Resources */,
			);
			buildRules = (
			);
			dependencies = (
				4BFA99AC18AFA19200D673CB /* PBXTargetDependency */,
			);
			name = TuijianTests;
			productName = TuijianTests;
			productReference = 4BFA99A618AFA19200D673CB /* TuijianTests.xctest */;
			productType = "com.apple.product-type.bundle.unit-test";
		};
/* End PBXNativeTarget section */

/* Begin PBXProject section */
		4BFA998318AFA19200D673CB /* Project object */ = {
			isa = PBXProject;
			attributes = {
				CLASSPREFIX = TJ;
				LastUpgradeCheck = 0500;
				ORGANIZATIONNAME = "zhang kai";
				TargetAttributes = {
					4BFA998A18AFA19200D673CB = {
						DevelopmentTeam = 6DY3TFE2Y4;
					};
					4BFA99A518AFA19200D673CB = {
						TestTargetID = 4BFA998A18AFA19200D673CB;
					};
				};
			};
			buildConfigurationList = 4BFA998618AFA19200D673CB /* Build configuration list for PBXProject "Tuijian" */;
			compatibilityVersion = "Xcode 3.2";
			developmentRegion = English;
			hasScannedForEncodings = 0;
			knownRegions = (
				en,
			);
			mainGroup = 4BFA998218AFA19200D673CB;
			productRefGroup = 4BFA998C18AFA19200D673CB /* Products */;
			projectDirPath = "";
			projectRoot = "";
			targets = (
				4BFA998A18AFA19200D673CB /* Tuijian */,
				4BFA99A518AFA19200D673CB /* TuijianTests */,
			);
		};
/* End PBXProject section */

/* Begin PBXResourcesBuildPhase section */
		4BFA998918AFA19200D673CB /* Resources */ = {
			isa = PBXResourcesBuildPhase;
			buildActionMask = 2147483647;
			files = (
				4B47A39D18D17BB100087BE4 /* man_placeholder.png in Resources */,
				4B47A3AA18D1B40500087BE4 /* favSelectedHighlight@2x.png in Resources */,
				4B50AC1A18D6EDF20028BAF9 /* writing.png in Resources */,
				4B47A3A118D187F600087BE4 /* photo.png in Resources */,
				4B47A3A618D1AA1600087BE4 /* like.png in Resources */,
				4B569C9918CE9E36000DF219 /* TencentOpenApi_IOS_Bundle.bundle in Resources */,
				4B543FCD18B4F3340052DFDD /* CaptureIcon@2x.png in Resources */,
				4B543FCC18B4F3340052DFDD /* CaptureIcon-highlighted@2x.png in Resources */,
				4B47A3AC18D1B42300087BE4 /* share.png in Resources */,
				4B569CB318CEAAE9000DF219 /* bt_blue_76X24.png in Resources */,
				4BDEDB3C18CFF48A001C2874 /* male.png in Resources */,
				4BFA999918AFA19200D673CB /* InfoPlist.strings in Resources */,
				4B7A421418B0DCE2009356F4 /* camera_18_2x.png in Resources */,
				4B54577018CDBEF700492F81 /* ChoosePhotoIcon@2x.png in Resources */,
				4BFA99A118AFA19200D673CB /* Images.xcassets in Resources */,
				4B47A3A418D1AA0100087BE4 /* comment.png in Resources */,
				4B47A3A918D1B40500087BE4 /* favhighlight@2x.png in Resources */,
				4BDEDB3E18CFF490001C2874 /* female.png in Resources */,
				4B47A39F18D17BB700087BE4 /* womanPlaceholder.png in Resources */,
				4B569CB118CEA848000DF219 /* bt_92X120.png in Resources */,
				4BF41A2718D2E17A004E9A38 /* write.png in Resources */,
				4B543FCF18B4F4EC0052DFDD /* CameraFlipIcon@2x.png in Resources */,
			);
			runOnlyForDeploymentPostprocessing = 0;
		};
		4BFA99A418AFA19200D673CB /* Resources */ = {
			isa = PBXResourcesBuildPhase;
			buildActionMask = 2147483647;
			files = (
				4BFA99B218AFA19200D673CB /* InfoPlist.strings in Resources */,
			);
			runOnlyForDeploymentPostprocessing = 0;
		};
/* End PBXResourcesBuildPhase section */

/* Begin PBXSourcesBuildPhase section */
		4BFA998718AFA19200D673CB /* Sources */ = {
			isa = PBXSourcesBuildPhase;
			buildActionMask = 2147483647;
			files = (
				4B50AC2818D715960028BAF9 /* GTScrollNavigationBar.m in Sources */,
				4B569CAD18CEA573000DF219 /* TJLoginViewController.m in Sources */,
				4B569CDF18CEBB5D000DF219 /* TJMyServerClient.m in Sources */,
				4BE1636018B869040009158D /* ImageScrollView.m in Sources */,
				4B47A39618D179B800087BE4 /* SDWebImagePrefetcher.m in Sources */,
				4B569CCE18CEBA0D000DF219 /* AFPropertyListRequestOperation.m in Sources */,
				4BF41A2318D299B6004E9A38 /* TJCommentViewController.m in Sources */,
				4B47A39418D179B800087BE4 /* SDWebImageDownloaderOperation.m in Sources */,
				4B7A421018B0CF66009356F4 /* TJShowViewController.m in Sources */,
				4B569CCF18CEBA0D000DF219 /* AFURLConnectionOperation.m in Sources */,
				4B47A36F18D1627400087BE4 /* TJParser.m in Sources */,
				4B47A39A18D179B800087BE4 /* UIImage+WebP.m in Sources */,
				4B47A39218D179B800087BE4 /* SDWebImageDecoder.m in Sources */,
				4B47A39918D179B800087BE4 /* UIImage+MultiFormat.m in Sources */,
				4B47A39018D179B800087BE4 /* SDImageCache.m in Sources */,
				4B569CDE18CEBB5D000DF219 /* TJTencentAPIClient.m in Sources */,
				4BFA999F18AFA19200D673CB /* TJAppDelegate.m in Sources */,
				4B569CC918CEBA0D000DF219 /* AFHTTPClient.m in Sources */,
				4B47A39118D179B800087BE4 /* SDWebImageCompat.m in Sources */,
				4B543FD218B4FBA50052DFDD /* TJCropViewController.m in Sources */,
				4B47A39818D179B800087BE4 /* UIImage+GIF.m in Sources */,
				4B47A39518D179B800087BE4 /* SDWebImageManager.m in Sources */,
				4B569CCB18CEBA0D000DF219 /* AFImageRequestOperation.m in Sources */,
				4B569CCD18CEBA0D000DF219 /* AFNetworkActivityIndicatorManager.m in Sources */,
				4B47A39B18D179B800087BE4 /* UIImageView+WebCache.m in Sources */,
				4B569CD518CEBAA7000DF219 /* TJDataController.m in Sources */,
				4B569CCA18CEBA0D000DF219 /* AFHTTPRequestOperation.m in Sources */,
				4BE1636318B9D7890009158D /* TJEditViewController.m in Sources */,
				4BC7D08118B394A40055D40B /* TJCamViewController.m in Sources */,
				4B569CEA18CF0BE9000DF219 /* TJUser.m in Sources */,
				4BFB64D218C187F800C304BB /* TJBaseViewController.m in Sources */,
				4BC7D07E18B394690055D40B /* AVCamPreviewView.m in Sources */,
				4BFB64CF18C07AEC00C304BB /* TJMineViewController.m in Sources */,
				4B47A38E18D179B800087BE4 /* MKAnnotationView+WebCache.m in Sources */,
				4B569CD018CEBA0D000DF219 /* AFXMLRequestOperation.m in Sources */,
				4BFA999B18AFA19200D673CB /* main.m in Sources */,
				4B50AC1618D6DE120028BAF9 /* YFInputBar.m in Sources */,
				4B569CDD18CEBB5D000DF219 /* TJNetworkManager.m in Sources */,
				4B47A39318D179B800087BE4 /* SDWebImageDownloader.m in Sources */,
				4B47A36B18D1477400087BE4 /* TJItem.m in Sources */,
				4B47A38F18D179B800087BE4 /* NSData+ImageContentType.m in Sources */,
				4B569CCC18CEBA0D000DF219 /* AFJSONRequestOperation.m in Sources */,
				4B47A36818D1462500087BE4 /* TJItemCell.m in Sources */,
				4B569CD118CEBA0D000DF219 /* UIImageView+AFNetworking.m in Sources */,
				4B47A39718D179B800087BE4 /* UIButton+WebCache.m in Sources */,
				4B569CE318CED1E4000DF219 /* TJDiskCacheManager.m in Sources */,
				4BFB64CC18C07ACA00C304BB /* TJInfoViewController.m in Sources */,
			);
			runOnlyForDeploymentPostprocessing = 0;
		};
		4BFA99A218AFA19200D673CB /* Sources */ = {
			isa = PBXSourcesBuildPhase;
			buildActionMask = 2147483647;
			files = (
				4BFA99B418AFA19200D673CB /* TuijianTests.m in Sources */,
			);
			runOnlyForDeploymentPostprocessing = 0;
		};
/* End PBXSourcesBuildPhase section */

/* Begin PBXTargetDependency section */
		4BFA99AC18AFA19200D673CB /* PBXTargetDependency */ = {
			isa = PBXTargetDependency;
			target = 4BFA998A18AFA19200D673CB /* Tuijian */;
			targetProxy = 4BFA99AB18AFA19200D673CB /* PBXContainerItemProxy */;
		};
/* End PBXTargetDependency section */

/* Begin PBXVariantGroup section */
		4BFA999718AFA19200D673CB /* InfoPlist.strings */ = {
			isa = PBXVariantGroup;
			children = (
				4BFA999818AFA19200D673CB /* en */,
			);
			name = InfoPlist.strings;
			sourceTree = "<group>";
		};
		4BFA99B018AFA19200D673CB /* InfoPlist.strings */ = {
			isa = PBXVariantGroup;
			children = (
				4BFA99B118AFA19200D673CB /* en */,
			);
			name = InfoPlist.strings;
			sourceTree = "<group>";
		};
/* End PBXVariantGroup section */

/* Begin XCBuildConfiguration section */
		4BFA99B518AFA19200D673CB /* Debug */ = {
			isa = XCBuildConfiguration;
			buildSettings = {
				ALWAYS_SEARCH_USER_PATHS = NO;
				CLANG_CXX_LANGUAGE_STANDARD = "gnu++0x";
				CLANG_CXX_LIBRARY = "libc++";
				CLANG_ENABLE_MODULES = YES;
				CLANG_ENABLE_OBJC_ARC = YES;
				CLANG_WARN_BOOL_CONVERSION = YES;
				CLANG_WARN_CONSTANT_CONVERSION = YES;
				CLANG_WARN_DIRECT_OBJC_ISA_USAGE = YES_ERROR;
				CLANG_WARN_EMPTY_BODY = YES;
				CLANG_WARN_ENUM_CONVERSION = YES;
				CLANG_WARN_INT_CONVERSION = YES;
				CLANG_WARN_OBJC_ROOT_CLASS = YES_ERROR;
				CLANG_WARN__DUPLICATE_METHOD_MATCH = YES;
				"CODE_SIGN_IDENTITY[sdk=iphoneos*]" = "iPhone Developer";
				COPY_PHASE_STRIP = NO;
				GCC_C_LANGUAGE_STANDARD = gnu99;
				GCC_DYNAMIC_NO_PIC = NO;
				GCC_OPTIMIZATION_LEVEL = 0;
				GCC_PREPROCESSOR_DEFINITIONS = (
					"DEBUG=1",
					"$(inherited)",
				);
				GCC_SYMBOLS_PRIVATE_EXTERN = NO;
				GCC_WARN_ABOUT_RETURN_TYPE = YES_ERROR;
				GCC_WARN_UNDECLARED_SELECTOR = YES;
				GCC_WARN_UNINITIALIZED_AUTOS = YES;
				GCC_WARN_UNUSED_FUNCTION = YES;
				GCC_WARN_UNUSED_VARIABLE = YES;
				IPHONEOS_DEPLOYMENT_TARGET = 7.0;
				ONLY_ACTIVE_ARCH = YES;
				SDKROOT = iphoneos;
			};
			name = Debug;
		};
		4BFA99B618AFA19200D673CB /* Release */ = {
			isa = XCBuildConfiguration;
			buildSettings = {
				ALWAYS_SEARCH_USER_PATHS = NO;
				CLANG_CXX_LANGUAGE_STANDARD = "gnu++0x";
				CLANG_CXX_LIBRARY = "libc++";
				CLANG_ENABLE_MODULES = YES;
				CLANG_ENABLE_OBJC_ARC = YES;
				CLANG_WARN_BOOL_CONVERSION = YES;
				CLANG_WARN_CONSTANT_CONVERSION = YES;
				CLANG_WARN_DIRECT_OBJC_ISA_USAGE = YES_ERROR;
				CLANG_WARN_EMPTY_BODY = YES;
				CLANG_WARN_ENUM_CONVERSION = YES;
				CLANG_WARN_INT_CONVERSION = YES;
				CLANG_WARN_OBJC_ROOT_CLASS = YES_ERROR;
				CLANG_WARN__DUPLICATE_METHOD_MATCH = YES;
				"CODE_SIGN_IDENTITY[sdk=iphoneos*]" = "iPhone Developer";
				COPY_PHASE_STRIP = YES;
				ENABLE_NS_ASSERTIONS = NO;
				GCC_C_LANGUAGE_STANDARD = gnu99;
				GCC_WARN_ABOUT_RETURN_TYPE = YES_ERROR;
				GCC_WARN_UNDECLARED_SELECTOR = YES;
				GCC_WARN_UNINITIALIZED_AUTOS = YES;
				GCC_WARN_UNUSED_FUNCTION = YES;
				GCC_WARN_UNUSED_VARIABLE = YES;
				IPHONEOS_DEPLOYMENT_TARGET = 7.0;
				SDKROOT = iphoneos;
				VALIDATE_PRODUCT = YES;
			};
			name = Release;
		};
		4BFA99B818AFA19200D673CB /* Debug */ = {
			isa = XCBuildConfiguration;
			buildSettings = {
				ASSETCATALOG_COMPILER_APPICON_NAME = AppIcon;
				ASSETCATALOG_COMPILER_LAUNCHIMAGE_NAME = LaunchImage;
				CODE_SIGN_IDENTITY = "iPhone Developer";
				"CODE_SIGN_IDENTITY[sdk=iphoneos*]" = "iPhone Developer";
				FRAMEWORK_SEARCH_PATHS = (
					"$(inherited)",
					/Users/zhangkai/Desktop/tuijian/Tuijian/Tuijian,
				);
				GCC_PRECOMPILE_PREFIX_HEADER = YES;
				GCC_PREFIX_HEADER = "Tuijian/Tuijian-Prefix.pch";
				INFOPLIST_FILE = "Tuijian/Tuijian-Info.plist";
				PRODUCT_NAME = "$(TARGET_NAME)";
				PROVISIONING_PROFILE = "";
				WRAPPER_EXTENSION = app;
			};
			name = Debug;
		};
		4BFA99B918AFA19200D673CB /* Release */ = {
			isa = XCBuildConfiguration;
			buildSettings = {
				ASSETCATALOG_COMPILER_APPICON_NAME = AppIcon;
				ASSETCATALOG_COMPILER_LAUNCHIMAGE_NAME = LaunchImage;
				CODE_SIGN_IDENTITY = "iPhone Developer";
				"CODE_SIGN_IDENTITY[sdk=iphoneos*]" = "iPhone Developer";
				FRAMEWORK_SEARCH_PATHS = (
					"$(inherited)",
					/Users/zhangkai/Desktop/tuijian/Tuijian/Tuijian,
				);
				GCC_PRECOMPILE_PREFIX_HEADER = YES;
				GCC_PREFIX_HEADER = "Tuijian/Tuijian-Prefix.pch";
				INFOPLIST_FILE = "Tuijian/Tuijian-Info.plist";
				PRODUCT_NAME = "$(TARGET_NAME)";
				PROVISIONING_PROFILE = "";
				WRAPPER_EXTENSION = app;
			};
			name = Release;
		};
		4BFA99BB18AFA19300D673CB /* Debug */ = {
			isa = XCBuildConfiguration;
			buildSettings = {
				BUNDLE_LOADER = "$(BUILT_PRODUCTS_DIR)/Tuijian.app/Tuijian";
				FRAMEWORK_SEARCH_PATHS = (
					"$(SDKROOT)/Developer/Library/Frameworks",
					"$(inherited)",
					"$(DEVELOPER_FRAMEWORKS_DIR)",
				);
				GCC_PRECOMPILE_PREFIX_HEADER = YES;
				GCC_PREFIX_HEADER = "Tuijian/Tuijian-Prefix.pch";
				GCC_PREPROCESSOR_DEFINITIONS = (
					"DEBUG=1",
					"$(inherited)",
				);
				INFOPLIST_FILE = "TuijianTests/TuijianTests-Info.plist";
				PRODUCT_NAME = "$(TARGET_NAME)";
				TEST_HOST = "$(BUNDLE_LOADER)";
				WRAPPER_EXTENSION = xctest;
			};
			name = Debug;
		};
		4BFA99BC18AFA19300D673CB /* Release */ = {
			isa = XCBuildConfiguration;
			buildSettings = {
				BUNDLE_LOADER = "$(BUILT_PRODUCTS_DIR)/Tuijian.app/Tuijian";
				FRAMEWORK_SEARCH_PATHS = (
					"$(SDKROOT)/Developer/Library/Frameworks",
					"$(inherited)",
					"$(DEVELOPER_FRAMEWORKS_DIR)",
				);
				GCC_PRECOMPILE_PREFIX_HEADER = YES;
				GCC_PREFIX_HEADER = "Tuijian/Tuijian-Prefix.pch";
				INFOPLIST_FILE = "TuijianTests/TuijianTests-Info.plist";
				PRODUCT_NAME = "$(TARGET_NAME)";
				TEST_HOST = "$(BUNDLE_LOADER)";
				WRAPPER_EXTENSION = xctest;
			};
			name = Release;
		};
/* End XCBuildConfiguration section */

/* Begin XCConfigurationList section */
		4BFA998618AFA19200D673CB /* Build configuration list for PBXProject "Tuijian" */ = {
			isa = XCConfigurationList;
			buildConfigurations = (
				4BFA99B518AFA19200D673CB /* Debug */,
				4BFA99B618AFA19200D673CB /* Release */,
			);
			defaultConfigurationIsVisible = 0;
			defaultConfigurationName = Release;
		};
		4BFA99B718AFA19200D673CB /* Build configuration list for PBXNativeTarget "Tuijian" */ = {
			isa = XCConfigurationList;
			buildConfigurations = (
				4BFA99B818AFA19200D673CB /* Debug */,
				4BFA99B918AFA19200D673CB /* Release */,
			);
			defaultConfigurationIsVisible = 0;
			defaultConfigurationName = Release;
		};
		4BFA99BA18AFA19300D673CB /* Build configuration list for PBXNativeTarget "TuijianTests" */ = {
			isa = XCConfigurationList;
			buildConfigurations = (
				4BFA99BB18AFA19300D673CB /* Debug */,
				4BFA99BC18AFA19300D673CB /* Release */,
			);
			defaultConfigurationIsVisible = 0;
			defaultConfigurationName = Release;
		};
/* End XCConfigurationList section */
	};
	rootObject = 4BFA998318AFA19200D673CB /* Project object */;
}
